
Microsoft Visual Studio Solution File, Format Version 12.00
# Visual Studio Version 16
VisualStudioVersion = 16.0.31515.178
MinimumVisualStudioVersion = 10.0.40219.1
Project("{FAE04EC0-301F-11D3-BF4B-00C04F79EFBC}") = "IdentitySystem", "IdentitySystem\IdentitySystem.csproj", "{8F6C932C-2E42-4C48-849A-59BE17D6E884}"
EndProject
Global
	GlobalSection(SolutionConfigurationPlatforms) = preSolution
		Debug|Any CPU = Debug|Any CPU
		Release|Any CPU = Release|Any CPU
	EndGlobalSection
	GlobalSection(ProjectConfigurationPlatforms) = postSolution
		{8F6C932C-2E42-4C48-849A-59BE17D6E884}.Debug|Any CPU.ActiveCfg = Debug|Any CPU
		{8F6C932C-2E42-4C48-849A-59BE17D6E884}.Debug|Any CPU.Build.0 = Debug|Any CPU
		{8F6C932C-2E42-4C48-849A-59BE17D6E884}.Release|Any CPU.ActiveCfg = Release|Any CPU
		{8F6C932C-2E42-4C48-849A-59BE17D6E884}.Release|Any CPU.Build.0 = Release|Any CPU
	EndGlobalSection
	GlobalSection(SolutionProperties) = preSolution
		HideSolutionNode = FALSE
	EndGlobalSection
	GlobalSection(ExtensibilityGlobals) = postSolution
		SolutionGuid = {2ECCF36C-FBB6-43DA-822F-14497AC0B4B4}
	EndGlobalSection
EndGlobal
